dependencies:
- name: redis
  repository: https://charts.bitnami.com/bitnami
  version: 17.3.11
- name: nginx
  repository: https://charts.bitnami.com/bitnami
  version: 15.6.0
digest: sha256:0b16bd78808e4bb39e30891ac58eb6cf36179e3c0133136595263d55bc792b17
generated: "2025-06-19T16:20:22.219812-04:00"
